
Microsoft Visual Studio Solution File, Format Version 12.00
# Visual Studio Version 17
VisualStudioVersion = 17.13.35919.96
MinimumVisualStudioVersion = 10.0.40219.1
Project("{FAE04EC0-301F-11D3-BF4B-00C04F79EFBC}") = "Goalz.API", "Goalz.API\Goalz.API.csproj", "{4D230910-E306-4A1C-957A-D6AB11584FFC}"
EndProject
Project("{FAE04EC0-301F-11D3-BF4B-00C04F79EFBC}") = "Goalz.Domain", "Goalz.Domain\Goalz.Domain.csproj", "{2F0CD3F0-2BC3-4187-B1A8-FF779F88EA67}"
EndProject
Project("{FAE04EC0-301F-11D3-BF4B-00C04F79EFBC}") = "Goalz.Core", "Goalz.Application\Goalz.Core.csproj", "{F941C0BF-7353-44F5-937D-FF3623CEE4BB}"
EndProject
Project("{FAE04EC0-301F-11D3-BF4B-00C04F79EFBC}") = "Goalz.Data", "Goalz.Data\Goalz.Data.csproj", "{0F082C0D-35ED-4FEE-918E-A08F0BDB4055}"
EndProject
Global
	GlobalSection(SolutionConfigurationPlatforms) = preSolution
		Debug|Any CPU = Debug|Any CPU
		Debug|x64 = Debug|x64
		Debug|x86 = Debug|x86
		Release|Any CPU = Release|Any CPU
		Release|x64 = Release|x64
		Release|x86 = Release|x86
	EndGlobalSection
	GlobalSection(ProjectConfigurationPlatforms) = postSolution
		{4D230910-E306-4A1C-957A-D6AB11584FFC}.Debug|Any CPU.ActiveCfg = Debug|Any CPU
		{4D230910-E306-4A1C-957A-D6AB11584FFC}.Debug|Any CPU.Build.0 = Debug|Any CPU
		{4D230910-E306-4A1C-957A-D6AB11584FFC}.Debug|x64.ActiveCfg = Debug|Any CPU
		{4D230910-E306-4A1C-957A-D6AB11584FFC}.Debug|x64.Build.0 = Debug|Any CPU
		{4D230910-E306-4A1C-957A-D6AB11584FFC}.Debug|x86.ActiveCfg = Debug|Any CPU
		{4D230910-E306-4A1C-957A-D6AB11584FFC}.Debug|x86.Build.0 = Debug|Any CPU
		{4D230910-E306-4A1C-957A-D6AB11584FFC}.Release|Any CPU.ActiveCfg = Release|Any CPU
		{4D230910-E306-4A1C-957A-D6AB11584FFC}.Release|Any CPU.Build.0 = Release|Any CPU
		{4D230910-E306-4A1C-957A-D6AB11584FFC}.Release|x64.ActiveCfg = Release|Any CPU
		{4D230910-E306-4A1C-957A-D6AB11584FFC}.Release|x64.Build.0 = Release|Any CPU
		{4D230910-E306-4A1C-957A-D6AB11584FFC}.Release|x86.ActiveCfg = Release|Any CPU
		{4D230910-E306-4A1C-957A-D6AB11584FFC}.Release|x86.Build.0 = Release|Any CPU
		{2F0CD3F0-2BC3-4187-B1A8-FF779F88EA67}.Debug|Any CPU.ActiveCfg = Debug|Any CPU
		{2F0CD3F0-2BC3-4187-B1A8-FF779F88EA67}.Debug|Any CPU.Build.0 = Debug|Any CPU
		{2F0CD3F0-2BC3-4187-B1A8-FF779F88EA67}.Debug|x64.ActiveCfg = Debug|Any CPU
		{2F0CD3F0-2BC3-4187-B1A8-FF779F88EA67}.Debug|x64.Build.0 = Debug|Any CPU
		{2F0CD3F0-2BC3-4187-B1A8-FF779F88EA67}.Debug|x86.ActiveCfg = Debug|Any CPU
		{2F0CD3F0-2BC3-4187-B1A8-FF779F88EA67}.Debug|x86.Build.0 = Debug|Any CPU
		{2F0CD3F0-2BC3-4187-B1A8-FF779F88EA67}.Release|Any CPU.ActiveCfg = Release|Any CPU
		{2F0CD3F0-2BC3-4187-B1A8-FF779F88EA67}.Release|Any CPU.Build.0 = Release|Any CPU
		{2F0CD3F0-2BC3-4187-B1A8-FF779F88EA67}.Release|x64.ActiveCfg = Release|Any CPU
		{2F0CD3F0-2BC3-4187-B1A8-FF779F88EA67}.Release|x64.Build.0 = Release|Any CPU
		{2F0CD3F0-2BC3-4187-B1A8-FF779F88EA67}.Release|x86.ActiveCfg = Release|Any CPU
		{2F0CD3F0-2BC3-4187-B1A8-FF779F88EA67}.Release|x86.Build.0 = Release|Any CPU
		{F941C0BF-7353-44F5-937D-FF3623CEE4BB}.Debug|Any CPU.ActiveCfg = Debug|Any CPU
		{F941C0BF-7353-44F5-937D-FF3623CEE4BB}.Debug|Any CPU.Build.0 = Debug|Any CPU
		{F941C0BF-7353-44F5-937D-FF3623CEE4BB}.Debug|x64.ActiveCfg = Debug|Any CPU
		{F941C0BF-7353-44F5-937D-FF3623CEE4BB}.Debug|x64.Build.0 = Debug|Any CPU
		{F941C0BF-7353-44F5-937D-FF3623CEE4BB}.Debug|x86.ActiveCfg = Debug|Any CPU
		{F941C0BF-7353-44F5-937D-FF3623CEE4BB}.Debug|x86.Build.0 = Debug|Any CPU
		{F941C0BF-7353-44F5-937D-FF3623CEE4BB}.Release|Any CPU.ActiveCfg = Release|Any CPU
		{F941C0BF-7353-44F5-937D-FF3623CEE4BB}.Release|Any CPU.Build.0 = Release|Any CPU
		{F941C0BF-7353-44F5-937D-FF3623CEE4BB}.Release|x64.ActiveCfg = Release|Any CPU
		{F941C0BF-7353-44F5-937D-FF3623CEE4BB}.Release|x64.Build.0 = Release|Any CPU
		{F941C0BF-7353-44F5-937D-FF3623CEE4BB}.Release|x86.ActiveCfg = Release|Any CPU
		{F941C0BF-7353-44F5-937D-FF3623CEE4BB}.Release|x86.Build.0 = Release|Any CPU
		{0F082C0D-35ED-4FEE-918E-A08F0BDB4055}.Debug|Any CPU.ActiveCfg = Debug|Any CPU
		{0F082C0D-35ED-4FEE-918E-A08F0BDB4055}.Debug|Any CPU.Build.0 = Debug|Any CPU
		{0F082C0D-35ED-4FEE-918E-A08F0BDB4055}.Debug|x64.ActiveCfg = Debug|Any CPU
		{0F082C0D-35ED-4FEE-918E-A08F0BDB4055}.Debug|x64.Build.0 = Debug|Any CPU
		{0F082C0D-35ED-4FEE-918E-A08F0BDB4055}.Debug|x86.ActiveCfg = Debug|Any CPU
		{0F082C0D-35ED-4FEE-918E-A08F0BDB4055}.Debug|x86.Build.0 = Debug|Any CPU
		{0F082C0D-35ED-4FEE-918E-A08F0BDB4055}.Release|Any CPU.ActiveCfg = Release|Any CPU
		{0F082C0D-35ED-4FEE-918E-A08F0BDB4055}.Release|Any CPU.Build.0 = Release|Any CPU
		{0F082C0D-35ED-4FEE-918E-A08F0BDB4055}.Release|x64.ActiveCfg = Release|Any CPU
		{0F082C0D-35ED-4FEE-918E-A08F0BDB4055}.Release|x64.Build.0 = Release|Any CPU
		{0F082C0D-35ED-4FEE-918E-A08F0BDB4055}.Release|x86.ActiveCfg = Release|Any CPU
		{0F082C0D-35ED-4FEE-918E-A08F0BDB4055}.Release|x86.Build.0 = Release|Any CPU
	EndGlobalSection
	GlobalSection(SolutionProperties) = preSolution
		HideSolutionNode = FALSE
	EndGlobalSection
	GlobalSection(ExtensibilityGlobals) = postSolution
		SolutionGuid = {1125E211-4FF3-4F0F-A60F-DBE76FD54C12}
	EndGlobalSection
EndGlobal
